
Microsoft Visual Studio Solution File, Format Version 11.00
# Visual Studio 2010
Project("{FAE04EC0-301F-11D3-BF4B-00C04F79EFBC}") = "SharePointAuction", "SharePointAuction\SharePointAuction.csproj", "{04CA0587-7473-4C21-A557-FD20505B2599}"
EndProject
Global
	GlobalSection(SolutionConfigurationPlatforms) = preSolution
		Debug|Any CPU = Debug|Any CPU
		Release|Any CPU = Release|Any CPU
	EndGlobalSection
	GlobalSection(ProjectConfigurationPlatforms) = postSolution
		{04CA0587-7473-4C21-A557-FD20505B2599}.Debug|Any CPU.ActiveCfg = Debug|Any CPU
		{04CA0587-7473-4C21-A557-FD20505B2599}.Debug|Any CPU.Build.0 = Debug|Any CPU
		{04CA0587-7473-4C21-A557-FD20505B2599}.Debug|Any CPU.Deploy.0 = Debug|Any CPU
		{04CA0587-7473-4C21-A557-FD20505B2599}.Release|Any CPU.ActiveCfg = Release|Any CPU
		{04CA0587-7473-4C21-A557-FD20505B2599}.Release|Any CPU.Build.0 = Release|Any CPU
		{04CA0587-7473-4C21-A557-FD20505B2599}.Release|Any CPU.Deploy.0 = Release|Any CPU
	EndGlobalSection
	GlobalSection(SolutionProperties) = preSolution
		HideSolutionNode = FALSE
	EndGlobalSection
EndGlobal
